
Microsoft Visual Studio Solution File, Format Version 12.00
# Visual Studio 15
Project("{FAE04EC0-301F-11D3-BF4B-00C04F79EFBC}") = "Assembly-CSharp-firstpass", "Assembly-CSharp-firstpass.csproj", "{91FA0686-55C5-3E2C-EC84-8740EBB19F01}"
EndProject
Project("{FAE04EC0-301F-11D3-BF4B-00C04F79EFBC}") = "Assembly-CSharp", "Assembly-CSharp.csproj", "{892725D5-602D-B1DC-10F2-4197D9AD0C1D}"
EndProject
Global
	GlobalSection(SolutionConfigurationPlatforms) = preSolution
		Debug|Any CPU = Debug|Any CPU
		Release|Any CPU = Release|Any CPU
	EndGlobalSection
	GlobalSection(ProjectConfigurationPlatforms) = postSolution
		{91FA0686-55C5-3E2C-EC84-8740EBB19F01}.Debug|Any CPU.ActiveCfg = Debug|Any CPU
		{91FA0686-55C5-3E2C-EC84-8740EBB19F01}.Debug|Any CPU.Build.0 = Debug|Any CPU
		{91FA0686-55C5-3E2C-EC84-8740EBB19F01}.Release|Any CPU.ActiveCfg = Release|Any CPU
		{91FA0686-55C5-3E2C-EC84-8740EBB19F01}.Release|Any CPU.Build.0 = Release|Any CPU
		{892725D5-602D-B1DC-10F2-4197D9AD0C1D}.Debug|Any CPU.ActiveCfg = Debug|Any CPU
		{892725D5-602D-B1DC-10F2-4197D9AD0C1D}.Debug|Any CPU.Build.0 = Debug|Any CPU
		{892725D5-602D-B1DC-10F2-4197D9AD0C1D}.Release|Any CPU.ActiveCfg = Release|Any CPU
		{892725D5-602D-B1DC-10F2-4197D9AD0C1D}.Release|Any CPU.Build.0 = Release|Any CPU
	EndGlobalSection
	GlobalSection(SolutionProperties) = preSolution
		HideSolutionNode = FALSE
	EndGlobalSection
EndGlobal
